lockfileVersion: '6.1'

settings:
  autoInstallPeers: true
  excludeLinksFromLockfile: false

dependencies:
  cron:
    specifier: ^2.3.1
    version: 2.3.1

packages:

  /cron@2.3.1:
    resolution: {integrity: sha512-1eRRlIT0UfIqauwbG9pkg3J6CX9A6My2ytJWqAXoK0T9oJnUZTzGBNPxao0zjodIbPgf8UQWjE62BMb9eVllSQ==}
    dependencies:
      luxon: 3.3.0
    dev: false

  /luxon@3.3.0:
    resolution: {integrity: sha512-An0UCfG/rSiqtAIiBPO0Y9/zAnHUZxAMiCpTd5h2smgsj7GGmcenvrvww2cqNA8/4A5ZrD1gJpHN2mIHZQF+Mg==}
    engines: {node: '>=12'}
    dev: false
